{
  "name": "pont-react-hooks-generate-plugin",
  "version": "0.0.1",
  "lockfileVersion": 2,
  "requires": true,
  "packages": {
    "": {
      "name": "pont-react-hooks-generate-plugin",
      "version": "0.0.1",
      "license": "MIT",
      "dependencies": {
        "pont-generate-core": "file:../core",
        "pont-spec": "file:../../../packages/pont-spec"
      },
      "devDependencies": {
        "typescript": "^4.6.4"
      }
    },
    "../../../packages/pont-spec": {
      "version": "0.0.1",
      "license": "MIT",
      "dependencies": {
        "oas-spec-ts": "file:../oas-spec-ts"
      },
      "devDependencies": {
        "typescript": "^4.6.4"
      },
      "peerDependencies": {
        "lodash": "*"
      }
    },
    "../core": {
      "version": "0.0.1",
      "license": "MIT",
      "dependencies": {
        "pont-spec": "file:../../../packages/pont-spec",
        "prettier": "^2.6.2"
      },
      "devDependencies": {
        "typescript": "^4.6.4"
      }
    },
    "node_modules/pont-generate-core": {
      "resolved": "../core",
      "link": true
    },
    "node_modules/pont-spec": {
      "resolved": "../../../packages/pont-spec",
      "link": true
    },
    "node_modules/typescript": {
      "version": "4.6.4",
      "resolved": "https://registry.npmjs.org/typescript/-/typescript-4.6.4.tgz",
      "integrity": "sha512-9ia/jWHIEbo49HfjrLGfKbZSuWo9iTMwXO+Ca3pRsSpbsMbc7/IU8NKdCZVRRBafVPGnoJeFL76ZOAA84I9fEg==",
      "dev": true,
      "bin": {
        "tsc": "bin/tsc",
        "tsserver": "bin/tsserver"
      },
      "engines": {
        "node": ">=4.2.0"
      }
    }
  },
  "dependencies": {
    "pont-generate-core": {
      "version": "file:../core",
      "requires": {
        "pont-spec": "file:../../../packages/pont-spec",
        "prettier": "^2.6.2",
        "typescript": "^4.6.4"
      }
    },
    "pont-spec": {
      "version": "file:../../../packages/pont-spec",
      "requires": {
        "oas-spec-ts": "file:../oas-spec-ts",
        "typescript": "^4.6.4"
      }
    },
    "typescript": {
      "version": "4.6.4",
      "resolved": "https://registry.npmjs.org/typescript/-/typescript-4.6.4.tgz",
      "integrity": "sha512-9ia/jWHIEbo49HfjrLGfKbZSuWo9iTMwXO+Ca3pRsSpbsMbc7/IU8NKdCZVRRBafVPGnoJeFL76ZOAA84I9fEg==",
      "dev": true
    }
  }
}
